
Microsoft Visual Studio Solution File, Format Version 12.00
# Visual Studio Version 16
VisualStudioVersion = 16.0.29509.3
MinimumVisualStudioVersion = 10.0.40219.1
Project("{FAE04EC0-301F-11D3-BF4B-00C04F79EFBC}") = "Luna", "Luna\Luna.csproj", "{11F75A3A-1B38-4764-B752-658504C98F57}"
EndProject
Project("{2150E333-8FDC-42A3-9474-1A3956D46DE8}") = "Sample", "Sample", "{7C94C685-0709-4922-B951-A4D6C411ED33}"
ProjectSection(SolutionItems) = preProject
	Sample\Luna.win = Sample\Luna.win
	Sample\LunaArray.win = Sample\LunaArray.win
	Sample\LunaArray2.win = Sample\LunaArray2.win
	Sample\LunaArrayCreate.win = Sample\LunaArrayCreate.win
	Sample\LunaArrayLiteral.win = Sample\LunaArrayLiteral.win
	Sample\LunaArrayMixed.win = Sample\LunaArrayMixed.win
	Sample\LunaBuiltin.win = Sample\LunaBuiltin.win
	Sample\LunaParent.win = Sample\LunaParent.win
	Sample\LunaParticles.win = Sample\LunaParticles.win
	Sample\LunaParticles2.win = Sample\LunaParticles2.win
	Sample\LunaPlayer.win = Sample\LunaPlayer.win
	Sample\LunaSwitch.win = Sample\LunaSwitch.win
	Sample\LunaSwitch3.win = Sample\LunaSwitch3.win
EndProjectSection
EndProject
Global
	GlobalSection(SolutionConfigurationPlatforms) = preSolution
		Debug|Any CPU = Debug|Any CPU
		Release|Any CPU = Release|Any CPU
	EndGlobalSection
	GlobalSection(ProjectConfigurationPlatforms) = postSolution
		{11F75A3A-1B38-4764-B752-658504C98F57}.Debug|Any CPU.ActiveCfg = Debug|Any CPU
		{11F75A3A-1B38-4764-B752-658504C98F57}.Debug|Any CPU.Build.0 = Debug|Any CPU
		{11F75A3A-1B38-4764-B752-658504C98F57}.Release|Any CPU.ActiveCfg = Release|Any CPU
		{11F75A3A-1B38-4764-B752-658504C98F57}.Release|Any CPU.Build.0 = Release|Any CPU
	EndGlobalSection
	GlobalSection(SolutionProperties) = preSolution
		HideSolutionNode = FALSE
	EndGlobalSection
	GlobalSection(ExtensibilityGlobals) = postSolution
		SolutionGuid = {545C6348-02A7-4681-873B-BDB111189355}
	EndGlobalSection
EndGlobal
