
Microsoft Visual Studio Solution File, Format Version 12.00
# Visual Studio Version 16
VisualStudioVersion = 16.0.29509.3
MinimumVisualStudioVersion = 10.0.40219.1
Project("{FAE04EC0-301F-11D3-BF4B-00C04F79EFBC}") = "Luna", "Luna\Luna.csproj", "{11F75A3A-1B38-4764-B752-658504C98F57}"
EndProject
Global
	GlobalSection(SolutionConfigurationPlatforms) = preSolution
		Debug|Any CPU = Debug|Any CPU
		Release|Any CPU = Release|Any CPU
	EndGlobalSection
	GlobalSection(ProjectConfigurationPlatforms) = postSolution
		{11F75A3A-1B38-4764-B752-658504C98F57}.Debug|Any CPU.ActiveCfg = Debug|Any CPU
		{11F75A3A-1B38-4764-B752-658504C98F57}.Debug|Any CPU.Build.0 = Debug|Any CPU
		{11F75A3A-1B38-4764-B752-658504C98F57}.Release|Any CPU.ActiveCfg = Release|Any CPU
		{11F75A3A-1B38-4764-B752-658504C98F57}.Release|Any CPU.Build.0 = Release|Any CPU
	EndGlobalSection
	GlobalSection(SolutionProperties) = preSolution
		HideSolutionNode = FALSE
	EndGlobalSection
	GlobalSection(ExtensibilityGlobals) = postSolution
		SolutionGuid = {545C6348-02A7-4681-873B-BDB111189355}
	EndGlobalSection
EndGlobal
